
Microsoft Visual Studio Solution File, Format Version 12.00
# Visual Studio Version 17
VisualStudioVersion = 17.0.31903.59
MinimumVisualStudioVersion = 10.0.40219.1
Project("{FAE04EC0-301F-11D3-BF4B-00C04F79EFBC}") = "demos", "demos\demos.csproj", "{35E0E2BF-5C14-42C9-915B-F8731B0E7EE4}"
EndProject
Project("{FAE04EC0-301F-11D3-BF4B-00C04F79EFBC}") = "tests", "Tests\tests.csproj", "{5BC6C9C7-FEA9-4135-B0DD-8D3413C1A406}"
EndProject
Global
	GlobalSection(SolutionConfigurationPlatforms) = preSolution
		Debug|Any CPU = Debug|Any CPU
		Release|Any CPU = Release|Any CPU
	EndGlobalSection
	GlobalSection(SolutionProperties) = preSolution
		HideSolutionNode = FALSE
	EndGlobalSection
	GlobalSection(ProjectConfigurationPlatforms) = postSolution
		{35E0E2BF-5C14-42C9-915B-F8731B0E7EE4}.Debug|Any CPU.ActiveCfg = Debug|Any CPU
		{35E0E2BF-5C14-42C9-915B-F8731B0E7EE4}.Debug|Any CPU.Build.0 = Debug|Any CPU
		{35E0E2BF-5C14-42C9-915B-F8731B0E7EE4}.Release|Any CPU.ActiveCfg = Release|Any CPU
		{35E0E2BF-5C14-42C9-915B-F8731B0E7EE4}.Release|Any CPU.Build.0 = Release|Any CPU
		{5BC6C9C7-FEA9-4135-B0DD-8D3413C1A406}.Debug|Any CPU.ActiveCfg = Debug|Any CPU
		{5BC6C9C7-FEA9-4135-B0DD-8D3413C1A406}.Debug|Any CPU.Build.0 = Debug|Any CPU
		{5BC6C9C7-FEA9-4135-B0DD-8D3413C1A406}.Release|Any CPU.ActiveCfg = Release|Any CPU
		{5BC6C9C7-FEA9-4135-B0DD-8D3413C1A406}.Release|Any CPU.Build.0 = Release|Any CPU
	EndGlobalSection
EndGlobal
