
Microsoft Visual Studio Solution File, Format Version 12.00
# Visual Studio Version 17
VisualStudioVersion = 17.5.33530.505
MinimumVisualStudioVersion = 10.0.40219.1
Project("{FAE04EC0-301F-11D3-BF4B-00C04F79EFBC}") = "FormUI", "SQLDataAccessTutorial-FormsFramework\FormUI.csproj", "{3233781B-944A-4F09-B0A6-3B773849F0D5}"
EndProject
Global
	GlobalSection(SolutionConfigurationPlatforms) = preSolution
		Debug|Any CPU = Debug|Any CPU
		Release|Any CPU = Release|Any CPU
	EndGlobalSection
	GlobalSection(ProjectConfigurationPlatforms) = postSolution
		{3233781B-944A-4F09-B0A6-3B773849F0D5}.Debug|Any CPU.ActiveCfg = Debug|Any CPU
		{3233781B-944A-4F09-B0A6-3B773849F0D5}.Debug|Any CPU.Build.0 = Debug|Any CPU
		{3233781B-944A-4F09-B0A6-3B773849F0D5}.Release|Any CPU.ActiveCfg = Release|Any CPU
		{3233781B-944A-4F09-B0A6-3B773849F0D5}.Release|Any CPU.Build.0 = Release|Any CPU
	EndGlobalSection
	GlobalSection(SolutionProperties) = preSolution
		HideSolutionNode = FALSE
	EndGlobalSection
	GlobalSection(ExtensibilityGlobals) = postSolution
		SolutionGuid = {C082E95C-F1DC-48CB-8CE0-C461FE3D5242}
	EndGlobalSection
EndGlobal
